Microsoft Visual Studio Solution File, Format Version 11.00
# Visual Studio 2008

Project("{8DD74162-0B6D-4581-276D-0484FC4F24AA}") = "Oculus PingPong", "Assembly-CSharp-firstpass.csproj", "{47C505EC-0AE2-7D39-7E55-1B101EE75D75}"
EndProject
Project("{8DD74162-0B6D-4581-276D-0484FC4F24AA}") = "Oculus PingPong", "Assembly-CSharp.csproj", "{820B5970-2B33-CEDC-AF49-D347DB89F573}"
EndProject
Project("{8DD74162-0B6D-4581-276D-0484FC4F24AA}") = "Oculus PingPong", "Assembly-CSharp-Editor-firstpass.csproj", "{0E31F8CF-CA21-C2AB-B2AC-F9E111B742B7}"
EndProject
Global
	GlobalSection(SolutionConfigurationPlatforms) = preSolution
		Debug|Any CPU = Debug|Any CPU
		Release|Any CPU = Release|Any CPU
	EndGlobalSection
	GlobalSection(ProjectConfigurationPlatforms) = postSolution
		{47C505EC-0AE2-7D39-7E55-1B101EE75D75}.Debug|Any CPU.ActiveCfg = Debug|Any CPU
		{47C505EC-0AE2-7D39-7E55-1B101EE75D75}.Debug|Any CPU.Build.0 = Debug|Any CPU
		{47C505EC-0AE2-7D39-7E55-1B101EE75D75}.Release|Any CPU.ActiveCfg = Release|Any CPU
		{47C505EC-0AE2-7D39-7E55-1B101EE75D75}.Release|Any CPU.Build.0 = Release|Any CPU
		{820B5970-2B33-CEDC-AF49-D347DB89F573}.Debug|Any CPU.ActiveCfg = Debug|Any CPU
		{820B5970-2B33-CEDC-AF49-D347DB89F573}.Debug|Any CPU.Build.0 = Debug|Any CPU
		{820B5970-2B33-CEDC-AF49-D347DB89F573}.Release|Any CPU.ActiveCfg = Release|Any CPU
		{820B5970-2B33-CEDC-AF49-D347DB89F573}.Release|Any CPU.Build.0 = Release|Any CPU
		{0E31F8CF-CA21-C2AB-B2AC-F9E111B742B7}.Debug|Any CPU.ActiveCfg = Debug|Any CPU
		{0E31F8CF-CA21-C2AB-B2AC-F9E111B742B7}.Debug|Any CPU.Build.0 = Debug|Any CPU
		{0E31F8CF-CA21-C2AB-B2AC-F9E111B742B7}.Release|Any CPU.ActiveCfg = Release|Any CPU
		{0E31F8CF-CA21-C2AB-B2AC-F9E111B742B7}.Release|Any CPU.Build.0 = Release|Any CPU
	EndGlobalSection
	GlobalSection(SolutionProperties) = preSolution
		HideSolutionNode = FALSE
	EndGlobalSection
	GlobalSection(MonoDevelopProperties) = preSolution
		StartupItem = Assembly-CSharp.csproj
	EndGlobalSection
EndGlobal
